
Microsoft Visual Studio Solution File, Format Version 12.00
# Visual Studio Version 16
VisualStudioVersion = 16.0.29519.181
MinimumVisualStudioVersion = 10.0.40219.1
Project("{FAE04EC0-301F-11D3-BF4B-00C04F79EFBC}") = "Update_Live_UWP", "Update_Live_UWP\Update_Live_UWP.csproj", "{7839CE1C-3E85-418F-9ACC-D9EF39E171EA}"
EndProject
Global
	GlobalSection(SolutionConfigurationPlatforms) = preSolution
		Debug|ARM = Debug|ARM
		Debug|ARM64 = Debug|ARM64
		Debug|x64 = Debug|x64
		Debug|x86 = Debug|x86
		Release|ARM = Release|ARM
		Release|ARM64 = Release|ARM64
		Release|x64 = Release|x64
		Release|x86 = Release|x86
	EndGlobalSection
	GlobalSection(ProjectConfigurationPlatforms) = postSolution
		{7839CE1C-3E85-418F-9ACC-D9EF39E171EA}.Debug|ARM.ActiveCfg = Debug|ARM
		{7839CE1C-3E85-418F-9ACC-D9EF39E171EA}.Debug|ARM.Build.0 = Debug|ARM
		{7839CE1C-3E85-418F-9ACC-D9EF39E171EA}.Debug|ARM.Deploy.0 = Debug|ARM
		{7839CE1C-3E85-418F-9ACC-D9EF39E171EA}.Debug|ARM64.ActiveCfg = Debug|ARM64
		{7839CE1C-3E85-418F-9ACC-D9EF39E171EA}.Debug|ARM64.Build.0 = Debug|ARM64
		{7839CE1C-3E85-418F-9ACC-D9EF39E171EA}.Debug|ARM64.Deploy.0 = Debug|ARM64
		{7839CE1C-3E85-418F-9ACC-D9EF39E171EA}.Debug|x64.ActiveCfg = Debug|x64
		{7839CE1C-3E85-418F-9ACC-D9EF39E171EA}.Debug|x64.Build.0 = Debug|x64
		{7839CE1C-3E85-418F-9ACC-D9EF39E171EA}.Debug|x64.Deploy.0 = Debug|x64
		{7839CE1C-3E85-418F-9ACC-D9EF39E171EA}.Debug|x86.ActiveCfg = Debug|x86
		{7839CE1C-3E85-418F-9ACC-D9EF39E171EA}.Debug|x86.Build.0 = Debug|x86
		{7839CE1C-3E85-418F-9ACC-D9EF39E171EA}.Debug|x86.Deploy.0 = Debug|x86
		{7839CE1C-3E85-418F-9ACC-D9EF39E171EA}.Release|ARM.ActiveCfg = Release|ARM
		{7839CE1C-3E85-418F-9ACC-D9EF39E171EA}.Release|ARM.Build.0 = Release|ARM
		{7839CE1C-3E85-418F-9ACC-D9EF39E171EA}.Release|ARM.Deploy.0 = Release|ARM
		{7839CE1C-3E85-418F-9ACC-D9EF39E171EA}.Release|ARM64.ActiveCfg = Release|ARM64
		{7839CE1C-3E85-418F-9ACC-D9EF39E171EA}.Release|ARM64.Build.0 = Release|ARM64
		{7839CE1C-3E85-418F-9ACC-D9EF39E171EA}.Release|ARM64.Deploy.0 = Release|ARM64
		{7839CE1C-3E85-418F-9ACC-D9EF39E171EA}.Release|x64.ActiveCfg = Release|x64
		{7839CE1C-3E85-418F-9ACC-D9EF39E171EA}.Release|x64.Build.0 = Release|x64
		{7839CE1C-3E85-418F-9ACC-D9EF39E171EA}.Release|x64.Deploy.0 = Release|x64
		{7839CE1C-3E85-418F-9ACC-D9EF39E171EA}.Release|x86.ActiveCfg = Release|x86
		{7839CE1C-3E85-418F-9ACC-D9EF39E171EA}.Release|x86.Build.0 = Release|x86
		{7839CE1C-3E85-418F-9ACC-D9EF39E171EA}.Release|x86.Deploy.0 = Release|x86
	EndGlobalSection
	GlobalSection(SolutionProperties) = preSolution
		HideSolutionNode = FALSE
	EndGlobalSection
	GlobalSection(ExtensibilityGlobals) = postSolution
		SolutionGuid = {036D9881-C90E-4ADA-A070-7D33DD5CD567}
	EndGlobalSection
EndGlobal
